speakeasyVersion: 1.765.1
sources:
    Sapient Public API:
        sourceNamespace: sapient-public-api
        sourceRevisionDigest: sha256:da2ffcc52574fd5fe96c761b0ea5216919d0d1841c1daee7bacad1f3c4a7a539
        sourceBlobDigest: sha256:89ff530ed1be14fe31c12af671ce9c8539927156d43057e0d5e146bf54fa63bb
        tags:
            - latest
            - 1.0.0
    sapient-public-api:
        sourceNamespace: sapient-public-api
        sourceRevisionDigest: sha256:fc58a8d4aa6feb7387e7816df860dc14d0667bea2182f143837b14b733602292
        sourceBlobDigest: sha256:ec945e5febb3e1e3430e4695752783eb3cbf81a84a8d86112789aa47fa78826e
        tags:
            - latest
            - 1.0.0
targets:
    sapient:
        source: sapient-public-api
        sourceNamespace: sapient-public-api
        sourceRevisionDigest: sha256:fc58a8d4aa6feb7387e7816df860dc14d0667bea2182f143837b14b733602292
        sourceBlobDigest: sha256:ec945e5febb3e1e3430e4695752783eb3cbf81a84a8d86112789aa47fa78826e
workflow:
    workflowVersion: 1.0.0
    speakeasyVersion: latest
    sources:
        sapient-public-api:
            inputs:
                - location: https://raw.githubusercontent.com/usesapient/openapi/main/openapi.json
                  authHeader: Authorization
                  authSecret: $openapi_doc_auth_token
            output: .speakeasy/out.openapi.yaml
            registry:
                location: registry.speakeasyapi.dev/sapient/sapient/sapient-public-api
    targets:
        sapient:
            target: cli
            source: sapient-public-api
