speakeasyVersion: 1.764.1
sources:
    Sapient Public API:
        sourceNamespace: sapient-public-api
        sourceRevisionDigest: sha256:da2ffcc52574fd5fe96c761b0ea5216919d0d1841c1daee7bacad1f3c4a7a539
        sourceBlobDigest: sha256:89ff530ed1be14fe31c12af671ce9c8539927156d43057e0d5e146bf54fa63bb
        tags:
            - latest
            - 1.0.0
    sapient-public-api:
        sourceNamespace: sapient-public-api
        sourceRevisionDigest: sha256:754de61d3d8b9e661fea804a9b4ef15bf56677f4084ada203c9d44fa6c48e5a3
        sourceBlobDigest: sha256:b73889126e3ace5a6569b1c07715e8c720484e3c3cfadc4203ea47e8c36e4b43
        tags:
            - latest
            - 1.0.0
targets:
    sapient:
        source: sapient-public-api
        sourceNamespace: sapient-public-api
        sourceRevisionDigest: sha256:754de61d3d8b9e661fea804a9b4ef15bf56677f4084ada203c9d44fa6c48e5a3
        sourceBlobDigest: sha256:b73889126e3ace5a6569b1c07715e8c720484e3c3cfadc4203ea47e8c36e4b43
workflow:
    workflowVersion: 1.0.0
    speakeasyVersion: latest
    sources:
        sapient-public-api:
            inputs:
                - location: https://raw.githubusercontent.com/usesapient/openapi/main/openapi.json
                  authHeader: Authorization
                  authSecret: $openapi_doc_auth_token
            output: .speakeasy/out.openapi.yaml
            registry:
                location: registry.speakeasyapi.dev/sapient/sapient/sapient-public-api
    targets:
        sapient:
            target: cli
            source: sapient-public-api
