speakeasyVersion: 1.768.2
sources:
    Sapient Public API:
        sourceNamespace: sapient-public-api
        sourceRevisionDigest: sha256:da2ffcc52574fd5fe96c761b0ea5216919d0d1841c1daee7bacad1f3c4a7a539
        sourceBlobDigest: sha256:89ff530ed1be14fe31c12af671ce9c8539927156d43057e0d5e146bf54fa63bb
        tags:
            - latest
            - 1.0.0
    sapient-public-api:
        sourceNamespace: sapient-public-api
        sourceRevisionDigest: sha256:8845657895c4c3fc942b1c9aaeefed7d2e55051c69a37f48a187c60111986dcb
        sourceBlobDigest: sha256:cfaca960095cd3d659d2b17afda85f8bc036759886c18ace532248881dd31bcf
        tags:
            - latest
            - 1.0.0
targets:
    sapient:
        source: sapient-public-api
        sourceNamespace: sapient-public-api
        sourceRevisionDigest: sha256:8845657895c4c3fc942b1c9aaeefed7d2e55051c69a37f48a187c60111986dcb
        sourceBlobDigest: sha256:cfaca960095cd3d659d2b17afda85f8bc036759886c18ace532248881dd31bcf
workflow:
    workflowVersion: 1.0.0
    speakeasyVersion: latest
    sources:
        sapient-public-api:
            inputs:
                - location: https://raw.githubusercontent.com/usesapient/openapi/main/openapi.json
                  authHeader: Authorization
                  authSecret: $openapi_doc_auth_token
            output: .speakeasy/out.openapi.yaml
            registry:
                location: registry.speakeasyapi.dev/sapient/sapient/sapient-public-api
    targets:
        sapient:
            target: cli
            source: sapient-public-api
